github.com/itsabgr/go-handy v0.0.0-20210816165329-4cd57d210275 h1:Kp4KJMvKoBHXSSDLnvrKhmTSqWryOc/GzL5lKxSL8pE=
github.com/itsabgr/go-handy v0.0.0-20210816165329-4cd57d210275/go.mod h1:/B0ggMYLkMBR70PwLieFK2aKpNdkyhMBCHuhz0FvY04=
github.com/itsabgr/go-q v0.0.0-20210816192107-fe4c829dd9fe h1:KKXmlSS0O6iQdMVbKRXi3bVKsYr97S/SuVdvdGr97fc=
github.com/itsabgr/go-q v0.0.0-20210816192107-fe4c829dd9fe/go.mod h1:T3lwM2xneO9KHohcKM2PX1xHjWfDmqBKilHNLQZ8+CA=
